
Microsoft Visual Studio Solution File, Format Version 12.00
# Visual Studio 14
VisualStudioVersion = 14.0.25420.1
MinimumVisualStudioVersion = 10.0.40219.1
Project("{FAE04EC0-301F-11D3-BF4B-00C04F79EFBC}") = "01.TreeOperations", "01.TreeOperations\01.TreeOperations.csproj", "{CE602CFF-D820-41E6-9DBE-E97A64D98F0C}"
EndProject
Project("{FAE04EC0-301F-11D3-BF4B-00C04F79EFBC}") = "02.TraverseDirectory", "02.TraverseDirectory\02.TraverseDirectory.csproj", "{59E0647F-ABA4-47BF-BED5-4CE43498E983}"
EndProject
Project("{FAE04EC0-301F-11D3-BF4B-00C04F79EFBC}") = "03.FilesAndFoldersTree", "03.FilesAndFoldersTree\03.FilesAndFoldersTree.csproj", "{408F7886-0EAD-400A-94B8-3C60E86F9523}"
EndProject
Global
	GlobalSection(SolutionConfigurationPlatforms) = preSolution
		Debug|Any CPU = Debug|Any CPU
		Release|Any CPU = Release|Any CPU
	EndGlobalSection
	GlobalSection(ProjectConfigurationPlatforms) = postSolution
		{CE602CFF-D820-41E6-9DBE-E97A64D98F0C}.Debug|Any CPU.ActiveCfg = Debug|Any CPU
		{CE602CFF-D820-41E6-9DBE-E97A64D98F0C}.Debug|Any CPU.Build.0 = Debug|Any CPU
		{CE602CFF-D820-41E6-9DBE-E97A64D98F0C}.Release|Any CPU.ActiveCfg = Release|Any CPU
		{CE602CFF-D820-41E6-9DBE-E97A64D98F0C}.Release|Any CPU.Build.0 = Release|Any CPU
		{59E0647F-ABA4-47BF-BED5-4CE43498E983}.Debug|Any CPU.ActiveCfg = Debug|Any CPU
		{59E0647F-ABA4-47BF-BED5-4CE43498E983}.Debug|Any CPU.Build.0 = Debug|Any CPU
		{59E0647F-ABA4-47BF-BED5-4CE43498E983}.Release|Any CPU.ActiveCfg = Release|Any CPU
		{59E0647F-ABA4-47BF-BED5-4CE43498E983}.Release|Any CPU.Build.0 = Release|Any CPU
		{408F7886-0EAD-400A-94B8-3C60E86F9523}.Debug|Any CPU.ActiveCfg = Debug|Any CPU
		{408F7886-0EAD-400A-94B8-3C60E86F9523}.Debug|Any CPU.Build.0 = Debug|Any CPU
		{408F7886-0EAD-400A-94B8-3C60E86F9523}.Release|Any CPU.ActiveCfg = Release|Any CPU
		{408F7886-0EAD-400A-94B8-3C60E86F9523}.Release|Any CPU.Build.0 = Release|Any CPU
	EndGlobalSection
	GlobalSection(SolutionProperties) = preSolution
		HideSolutionNode = FALSE
	EndGlobalSection
EndGlobal
